// !$*UTF8*$!
{
	archiveVersion = 1;
	classes = {
	};
	objectVersion = 46;
	objects = {

/* Begin PBXBuildFile section */
		F4E7B07E16F7975600773693 /* UIKit.framework in Frameworks */ = {isa = PBXBuildFile; fileRef = F4E7B07D16F7975600773693 /* UIKit.framework */; };
		F4E7B08016F7975600773693 /* Foundation.framework in Frameworks */ = {isa = PBXBuildFile; fileRef = F4E7B07F16F7975600773693 /* Foundation.framework */; };
		F4E7B08216F7975600773693 /* CoreGraphics.framework in Frameworks */ = {isa = PBXBuildFile; fileRef = F4E7B08116F7975600773693 /* CoreGraphics.framework */; };
		F4E7B08816F7975600773693 /* InfoPlist.strings in Resources */ = {isa = PBXBuildFile; fileRef = F4E7B08616F7975600773693 /* InfoPlist.strings */; };
		F4E7B08A16F7975600773693 /* main.m in Sources */ = {isa = PBXBuildFile; fileRef = F4E7B08916F7975600773693 /* main.m */; };
		F4E7B08E16F7975600773693 /* AppDelegate.m in Sources */ = {isa = PBXBuildFile; fileRef = F4E7B08D16F7975600773693 /* AppDelegate.m */; };
		F4E7B09016F7975600773693 /* Default.png in Resources */ = {isa = PBXBuildFile; fileRef = F4E7B08F16F7975600773693 /* Default.png */; };
		F4E7B09216F7975600773693 /* Default@2x.png in Resources */ = {isa = PBXBuildFile; fileRef = F4E7B09116F7975600773693 /* Default@2x.png */; };
		F4E7B09416F7975600773693 /* Default-568h@2x.png in Resources */ = {isa = PBXBuildFile; fileRef = F4E7B09316F7975600773693 /* Default-568h@2x.png */; };
		F4E7B09716F7975600773693 /* FirstViewController.m in Sources */ = {isa = PBXBuildFile; fileRef = F4E7B09616F7975600773693 /* FirstViewController.m */; };
		F4E7B09916F7975600773693 /* first.png in Resources */ = {isa = PBXBuildFile; fileRef = F4E7B09816F7975600773693 /* first.png */; };
		F4E7B09B16F7975600773693 /* first@2x.png in Resources */ = {isa = PBXBuildFile; fileRef = F4E7B09A16F7975600773693 /* first@2x.png */; };
		F4E7B09E16F7975600773693 /* SecondViewController.m in Sources */ = {isa = PBXBuildFile; fileRef = F4E7B09D16F7975600773693 /* SecondViewController.m */; };
		F4E7B0A016F7975600773693 /* second.png in Resources */ = {isa = PBXBuildFile; fileRef = F4E7B09F16F7975600773693 /* second.png */; };
		F4E7B0A216F7975600773693 /* second@2x.png in Resources */ = {isa = PBXBuildFile; fileRef = F4E7B0A116F7975600773693 /* second@2x.png */; };
		F4E7B0A516F7975600773693 /* FirstViewController.xib in Resources */ = {isa = PBXBuildFile; fileRef = F4E7B0A316F7975600773693 /* FirstViewController.xib */; };
		F4E7B0A816F7975600773693 /* SecondViewController.xib in Resources */ = {isa = PBXBuildFile; fileRef = F4E7B0A616F7975600773693 /* SecondViewController.xib */; };
		F4E7B0B116F7992C00773693 /* MapOneViewController.m in Sources */ = {isa = PBXBuildFile; fileRef = F4E7B0AF16F7992C00773693 /* MapOneViewController.m */; };
		F4E7B0B216F7992C00773693 /* MapOneViewController.xib in Resources */ = {isa = PBXBuildFile; fileRef = F4E7B0B016F7992C00773693 /* MapOneViewController.xib */; };
		F4E7B0B416F79A7300773693 /* MapKit.framework in Frameworks */ = {isa = PBXBuildFile; fileRef = F4E7B0B316F79A7300773693 /* MapKit.framework */; };
		F4E7B0B716F7A88E00773693 /* TheAnnotation.m in Sources */ = {isa = PBXBuildFile; fileRef = F4E7B0B616F7A88E00773693 /* TheAnnotation.m */; };
/* End PBXBuildFile section */

/* Begin PBXFileReference section */
		F4E7B07A16F7975600773693 /* WK3.app */ = {isa = PBXFileReference; explicitFileType = wrapper.application; includeInIndex = 0; path = WK3.app; sourceTree = BUILT_PRODUCTS_DIR; };
		F4E7B07D16F7975600773693 /* UIKit.framework */ = {isa = PBXFileReference; lastKnownFileType = wrapper.framework; name = UIKit.framework; path = System/Library/Frameworks/UIKit.framework; sourceTree = SDKROOT; };
		F4E7B07F16F7975600773693 /* Foundation.framework */ = {isa = PBXFileReference; lastKnownFileType = wrapper.framework; name = Foundation.framework; path = System/Library/Frameworks/Foundation.framework; sourceTree = SDKROOT; };
		F4E7B08116F7975600773693 /* CoreGraphics.framework */ = {isa = PBXFileReference; lastKnownFileType = wrapper.framework; name = CoreGraphics.framework; path = System/Library/Frameworks/CoreGraphics.framework; sourceTree = SDKROOT; };
		F4E7B08516F7975600773693 /* WK3-Info.plist */ = {isa = PBXFileReference; lastKnownFileType = text.plist.xml; path = "WK3-Info.plist"; sourceTree = "<group>"; };
		F4E7B08716F7975600773693 /* en */ = {isa = PBXFileReference; lastKnownFileType = text.plist.strings; name = en; path = en.lproj/InfoPlist.strings; sourceTree = "<group>"; };
		F4E7B08916F7975600773693 /* main.m */ = {isa = PBXFileReference; lastKnownFileType = sourcecode.c.objc; path = main.m; sourceTree = "<group>"; };
		F4E7B08B16F7975600773693 /* WK3-Prefix.pch */ = {isa = PBXFileReference; lastKnownFileType = sourcecode.c.h; path = "WK3-Prefix.pch"; sourceTree = "<group>"; };
		F4E7B08C16F7975600773693 /* AppDelegate.h */ = {isa = PBXFileReference; lastKnownFileType = sourcecode.c.h; path = AppDelegate.h; sourceTree = "<group>"; };
		F4E7B08D16F7975600773693 /* AppDelegate.m */ = {isa = PBXFileReference; lastKnownFileType = sourcecode.c.objc; path = AppDelegate.m; sourceTree = "<group>"; };
		F4E7B08F16F7975600773693 /* Default.png */ = {isa = PBXFileReference; lastKnownFileType = image.png; path = Default.png; sourceTree = "<group>"; };
		F4E7B09116F7975600773693 /* Default@2x.png */ = {isa = PBXFileReference; lastKnownFileType = image.png; path = "Default@2x.png"; sourceTree = "<group>"; };
		F4E7B09316F7975600773693 /* Default-568h@2x.png */ = {isa = PBXFileReference; lastKnownFileType = image.png; path = "Default-568h@2x.png"; sourceTree = "<group>"; };
		F4E7B09516F7975600773693 /* FirstViewController.h */ = {isa = PBXFileReference; lastKnownFileType = sourcecode.c.h; path = FirstViewController.h; sourceTree = "<group>"; };
		F4E7B09616F7975600773693 /* FirstViewController.m */ = {isa = PBXFileReference; lastKnownFileType = sourcecode.c.objc; path = FirstViewController.m; sourceTree = "<group>"; };
		F4E7B09816F7975600773693 /* first.png */ = {isa = PBXFileReference; lastKnownFileType = image.png; path = first.png; sourceTree = "<group>"; };
		F4E7B09A16F7975600773693 /* first@2x.png */ = {isa = PBXFileReference; lastKnownFileType = image.png; path = "first@2x.png"; sourceTree = "<group>"; };
		F4E7B09C16F7975600773693 /* SecondViewController.h */ = {isa = PBXFileReference; lastKnownFileType = sourcecode.c.h; path = SecondViewController.h; sourceTree = "<group>"; };
		F4E7B09D16F7975600773693 /* SecondViewController.m */ = {isa = PBXFileReference; lastKnownFileType = sourcecode.c.objc; path = SecondViewController.m; sourceTree = "<group>"; };
		F4E7B09F16F7975600773693 /* second.png */ = {isa = PBXFileReference; lastKnownFileType = image.png; path = second.png; sourceTree = "<group>"; };
		F4E7B0A116F7975600773693 /* second@2x.png */ = {isa = PBXFileReference; lastKnownFileType = image.png; path = "second@2x.png"; sourceTree = "<group>"; };
		F4E7B0A416F7975600773693 /* en */ = {isa = PBXFileReference; lastKnownFileType = file.xib; name = en; path = en.lproj/FirstViewController.xib; sourceTree = "<group>"; };
		F4E7B0A716F7975600773693 /* en */ = {isa = PBXFileReference; lastKnownFileType = file.xib; name = en; path = en.lproj/SecondViewController.xib; sourceTree = "<group>"; };
		F4E7B0AE16F7992C00773693 /* MapOneViewController.h */ = {isa = PBXFileReference; fileEncoding = 4; lastKnownFileType = sourcecode.c.h; path = MapOneViewController.h; sourceTree = "<group>"; };
		F4E7B0AF16F7992C00773693 /* MapOneViewController.m */ = {isa = PBXFileReference; fileEncoding = 4; lastKnownFileType = sourcecode.c.objc; path = MapOneViewController.m; sourceTree = "<group>"; };
		F4E7B0B016F7992C00773693 /* MapOneViewController.xib */ = {isa = PBXFileReference; fileEncoding = 4; lastKnownFileType = file.xib; path = MapOneViewController.xib; sourceTree = "<group>"; };
		F4E7B0B316F79A7300773693 /* MapKit.framework */ = {isa = PBXFileReference; lastKnownFileType = wrapper.framework; name = MapKit.framework; path = System/Library/Frameworks/MapKit.framework; sourceTree = SDKROOT; };
		F4E7B0B516F7A88E00773693 /* TheAnnotation.h */ = {isa = PBXFileReference; fileEncoding = 4; lastKnownFileType = sourcecode.c.h; path = TheAnnotation.h; sourceTree = "<group>"; };
		F4E7B0B616F7A88E00773693 /* TheAnnotation.m */ = {isa = PBXFileReference; fileEncoding = 4; lastKnownFileType = sourcecode.c.objc; path = TheAnnotation.m; sourceTree = "<group>"; };
/* End PBXFileReference section */

/* Begin PBXFrameworksBuildPhase section */
		F4E7B07716F7975600773693 /* Frameworks */ = {
			isa = PBXFrameworksBuildPhase;
			buildActionMask = 2147483647;
			files = (
				F4E7B0B416F79A7300773693 /* MapKit.framework in Frameworks */,
				F4E7B07E16F7975600773693 /* UIKit.framework in Frameworks */,
				F4E7B08016F7975600773693 /* Foundation.framework in Frameworks */,
				F4E7B08216F7975600773693 /* CoreGraphics.framework in Frameworks */,
			);
			runOnlyForDeploymentPostprocessing = 0;
		};
/* End PBXFrameworksBuildPhase section */

/* Begin PBXGroup section */
		F4E7B07116F7975600773693 = {
			isa = PBXGroup;
			children = (
				F4E7B0B316F79A7300773693 /* MapKit.framework */,
				F4E7B08316F7975600773693 /* WK3 */,
				F4E7B07C16F7975600773693 /* Frameworks */,
				F4E7B07B16F7975600773693 /* Products */,
			);
			sourceTree = "<group>";
		};
		F4E7B07B16F7975600773693 /* Products */ = {
			isa = PBXGroup;
			children = (
				F4E7B07A16F7975600773693 /* WK3.app */,
			);
			name = Products;
			sourceTree = "<group>";
		};
		F4E7B07C16F7975600773693 /* Frameworks */ = {
			isa = PBXGroup;
			children = (
				F4E7B07D16F7975600773693 /* UIKit.framework */,
				F4E7B07F16F7975600773693 /* Foundation.framework */,
				F4E7B08116F7975600773693 /* CoreGraphics.framework */,
			);
			name = Frameworks;
			sourceTree = "<group>";
		};
		F4E7B08316F7975600773693 /* WK3 */ = {
			isa = PBXGroup;
			children = (
				F4E7B08C16F7975600773693 /* AppDelegate.h */,
				F4E7B08D16F7975600773693 /* AppDelegate.m */,
				F4E7B09516F7975600773693 /* FirstViewController.h */,
				F4E7B09616F7975600773693 /* FirstViewController.m */,
				F4E7B0B516F7A88E00773693 /* TheAnnotation.h */,
				F4E7B0B616F7A88E00773693 /* TheAnnotation.m */,
				F4E7B0AE16F7992C00773693 /* MapOneViewController.h */,
				F4E7B0AF16F7992C00773693 /* MapOneViewController.m */,
				F4E7B0B016F7992C00773693 /* MapOneViewController.xib */,
				F4E7B09816F7975600773693 /* first.png */,
				F4E7B09A16F7975600773693 /* first@2x.png */,
				F4E7B09C16F7975600773693 /* SecondViewController.h */,
				F4E7B09D16F7975600773693 /* SecondViewController.m */,
				F4E7B09F16F7975600773693 /* second.png */,
				F4E7B0A116F7975600773693 /* second@2x.png */,
				F4E7B0A316F7975600773693 /* FirstViewController.xib */,
				F4E7B0A616F7975600773693 /* SecondViewController.xib */,
				F4E7B08416F7975600773693 /* Supporting Files */,
			);
			path = WK3;
			sourceTree = "<group>";
		};
		F4E7B08416F7975600773693 /* Supporting Files */ = {
			isa = PBXGroup;
			children = (
				F4E7B08516F7975600773693 /* WK3-Info.plist */,
				F4E7B08616F7975600773693 /* InfoPlist.strings */,
				F4E7B08916F7975600773693 /* main.m */,
				F4E7B08B16F7975600773693 /* WK3-Prefix.pch */,
				F4E7B08F16F7975600773693 /* Default.png */,
				F4E7B09116F7975600773693 /* Default@2x.png */,
				F4E7B09316F7975600773693 /* Default-568h@2x.png */,
			);
			name = "Supporting Files";
			sourceTree = "<group>";
		};
/* End PBXGroup section */

/* Begin PBXNativeTarget section */
		F4E7B07916F7975600773693 /* WK3 */ = {
			isa = PBXNativeTarget;
			buildConfigurationList = F4E7B0AB16F7975600773693 /* Build configuration list for PBXNativeTarget "WK3" */;
			buildPhases = (
				F4E7B07616F7975600773693 /* Sources */,
				F4E7B07716F7975600773693 /* Frameworks */,
				F4E7B07816F7975600773693 /* Resources */,
			);
			buildRules = (
			);
			dependencies = (
			);
			name = WK3;
			productName = WK3;
			productReference = F4E7B07A16F7975600773693 /* WK3.app */;
			productType = "com.apple.product-type.application";
		};
/* End PBXNativeTarget section */

/* Begin PBXProject section */
		F4E7B07216F7975600773693 /* Project object */ = {
			isa = PBXProject;
			attributes = {
				LastUpgradeCheck = 0460;
				ORGANIZATIONNAME = "Devona Ward";
			};
			buildConfigurationList = F4E7B07516F7975600773693 /* Build configuration list for PBXProject "WK3" */;
			compatibilityVersion = "Xcode 3.2";
			developmentRegion = English;
			hasScannedForEncodings = 0;
			knownRegions = (
				en,
			);
			mainGroup = F4E7B07116F7975600773693;
			productRefGroup = F4E7B07B16F7975600773693 /* Products */;
			projectDirPath = "";
			projectRoot = "";
			targets = (
				F4E7B07916F7975600773693 /* WK3 */,
			);
		};
/* End PBXProject section */

/* Begin PBXResourcesBuildPhase section */
		F4E7B07816F7975600773693 /* Resources */ = {
			isa = PBXResourcesBuildPhase;
			buildActionMask = 2147483647;
			files = (
				F4E7B08816F7975600773693 /* InfoPlist.strings in Resources */,
				F4E7B09016F7975600773693 /* Default.png in Resources */,
				F4E7B09216F7975600773693 /* Default@2x.png in Resources */,
				F4E7B09416F7975600773693 /* Default-568h@2x.png in Resources */,
				F4E7B09916F7975600773693 /* first.png in Resources */,
				F4E7B09B16F7975600773693 /* first@2x.png in Resources */,
				F4E7B0A016F7975600773693 /* second.png in Resources */,
				F4E7B0A216F7975600773693 /* second@2x.png in Resources */,
				F4E7B0A516F7975600773693 /* FirstViewController.xib in Resources */,
				F4E7B0A816F7975600773693 /* SecondViewController.xib in Resources */,
				F4E7B0B216F7992C00773693 /* MapOneViewController.xib in Resources */,
			);
			runOnlyForDeploymentPostprocessing = 0;
		};
/* End PBXResourcesBuildPhase section */

/* Begin PBXSourcesBuildPhase section */
		F4E7B07616F7975600773693 /* Sources */ = {
			isa = PBXSourcesBuildPhase;
			buildActionMask = 2147483647;
			files = (
				F4E7B08A16F7975600773693 /* main.m in Sources */,
				F4E7B08E16F7975600773693 /* AppDelegate.m in Sources */,
				F4E7B09716F7975600773693 /* FirstViewController.m in Sources */,
				F4E7B09E16F7975600773693 /* SecondViewController.m in Sources */,
				F4E7B0B116F7992C00773693 /* MapOneViewController.m in Sources */,
				F4E7B0B716F7A88E00773693 /* TheAnnotation.m in Sources */,
			);
			runOnlyForDeploymentPostprocessing = 0;
		};
/* End PBXSourcesBuildPhase section */

/* Begin PBXVariantGroup section */
		F4E7B08616F7975600773693 /* InfoPlist.strings */ = {
			isa = PBXVariantGroup;
			children = (
				F4E7B08716F7975600773693 /* en */,
			);
			name = InfoPlist.strings;
			sourceTree = "<group>";
		};
		F4E7B0A316F7975600773693 /* FirstViewController.xib */ = {
			isa = PBXVariantGroup;
			children = (
				F4E7B0A416F7975600773693 /* en */,
			);
			name = FirstViewController.xib;
			sourceTree = "<group>";
		};
		F4E7B0A616F7975600773693 /* SecondViewController.xib */ = {
			isa = PBXVariantGroup;
			children = (
				F4E7B0A716F7975600773693 /* en */,
			);
			name = SecondViewController.xib;
			sourceTree = "<group>";
		};
/* End PBXVariantGroup section */

/* Begin XCBuildConfiguration section */
		F4E7B0A916F7975600773693 /* Debug */ = {
			isa = XCBuildConfiguration;
			buildSettings = {
				ALWAYS_SEARCH_USER_PATHS = NO;
				CLANG_CXX_LANGUAGE_STANDARD = "gnu++0x";
				CLANG_CXX_LIBRARY = "libc++";
				CLANG_ENABLE_OBJC_ARC = YES;
				CLANG_WARN_CONSTANT_CONVERSION = YES;
				CLANG_WARN_EMPTY_BODY = YES;
				CLANG_WARN_ENUM_CONVERSION = YES;
				CLANG_WARN_INT_CONVERSION = YES;
				CLANG_WARN__DUPLICATE_METHOD_MATCH = YES;
				"CODE_SIGN_IDENTITY[sdk=iphoneos*]" = "iPhone Developer";
				COPY_PHASE_STRIP = NO;
				GCC_C_LANGUAGE_STANDARD = gnu99;
				GCC_DYNAMIC_NO_PIC = NO;
				GCC_OPTIMIZATION_LEVEL = 0;
				GCC_PREPROCESSOR_DEFINITIONS = (
					"DEBUG=1",
					"$(inherited)",
				);
				GCC_SYMBOLS_PRIVATE_EXTERN = NO;
				GCC_WARN_ABOUT_RETURN_TYPE = YES;
				GCC_WARN_UNINITIALIZED_AUTOS = YES;
				GCC_WARN_UNUSED_VARIABLE = YES;
				IPHONEOS_DEPLOYMENT_TARGET = 6.1;
				ONLY_ACTIVE_ARCH = YES;
				SDKROOT = iphoneos;
			};
			name = Debug;
		};
		F4E7B0AA16F7975600773693 /* Release */ = {
			isa = XCBuildConfiguration;
			buildSettings = {
				ALWAYS_SEARCH_USER_PATHS = NO;
				CLANG_CXX_LANGUAGE_STANDARD = "gnu++0x";
				CLANG_CXX_LIBRARY = "libc++";
				CLANG_ENABLE_OBJC_ARC = YES;
				CLANG_WARN_CONSTANT_CONVERSION = YES;
				CLANG_WARN_EMPTY_BODY = YES;
				CLANG_WARN_ENUM_CONVERSION = YES;
				CLANG_WARN_INT_CONVERSION = YES;
				CLANG_WARN__DUPLICATE_METHOD_MATCH = YES;
				"CODE_SIGN_IDENTITY[sdk=iphoneos*]" = "iPhone Developer";
				COPY_PHASE_STRIP = YES;
				GCC_C_LANGUAGE_STANDARD = gnu99;
				GCC_WARN_ABOUT_RETURN_TYPE = YES;
				GCC_WARN_UNINITIALIZED_AUTOS = YES;
				GCC_WARN_UNUSED_VARIABLE = YES;
				IPHONEOS_DEPLOYMENT_TARGET = 6.1;
				OTHER_CFLAGS = "-DNS_BLOCK_ASSERTIONS=1";
				SDKROOT = iphoneos;
				VALIDATE_PRODUCT = YES;
			};
			name = Release;
		};
		F4E7B0AC16F7975600773693 /* Debug */ = {
			isa = XCBuildConfiguration;
			buildSettings = {
				GCC_PRECOMPILE_PREFIX_HEADER = YES;
				GCC_PREFIX_HEADER = "WK3/WK3-Prefix.pch";
				INFOPLIST_FILE = "WK3/WK3-Info.plist";
				PRODUCT_NAME = "$(TARGET_NAME)";
				WRAPPER_EXTENSION = app;
			};
			name = Debug;
		};
		F4E7B0AD16F7975600773693 /* Release */ = {
			isa = XCBuildConfiguration;
			buildSettings = {
				GCC_PRECOMPILE_PREFIX_HEADER = YES;
				GCC_PREFIX_HEADER = "WK3/WK3-Prefix.pch";
				INFOPLIST_FILE = "WK3/WK3-Info.plist";
				PRODUCT_NAME = "$(TARGET_NAME)";
				WRAPPER_EXTENSION = app;
			};
			name = Release;
		};
/* End XCBuildConfiguration section */

/* Begin XCConfigurationList section */
		F4E7B07516F7975600773693 /* Build configuration list for PBXProject "WK3" */ = {
			isa = XCConfigurationList;
			buildConfigurations = (
				F4E7B0A916F7975600773693 /* Debug */,
				F4E7B0AA16F7975600773693 /* Release */,
			);
			defaultConfigurationIsVisible = 0;
			defaultConfigurationName = Release;
		};
		F4E7B0AB16F7975600773693 /* Build configuration list for PBXNativeTarget "WK3" */ = {
			isa = XCConfigurationList;
			buildConfigurations = (
				F4E7B0AC16F7975600773693 /* Debug */,
				F4E7B0AD16F7975600773693 /* Release */,
			);
			defaultConfigurationIsVisible = 0;
		};
/* End XCConfigurationList section */
	};
	rootObject = F4E7B07216F7975600773693 /* Project object */;
}
